// !$*UTF8*$!
{
	archiveVersion = 1;
	classes = {
	};
	objectVersion = 46;
	objects = {

/* Begin PBXBuildFile section */
		9002C30D1DE0E29E004E8B41 /* SentMemesViewController.swift in Sources */ = {isa = PBXBuildFile; fileRef = 9002C30C1DE0E29E004E8B41 /* SentMemesViewController.swift */; };
		9002C30F1DE11E77004E8B41 /* MemeTableViewCell.swift in Sources */ = {isa = PBXBuildFile; fileRef = 9002C30E1DE11E77004E8B41 /* MemeTableViewCell.swift */; };
		9002C3111DE1203D004E8B41 /* MemeCollectionViewCell.swift in Sources */ = {isa = PBXBuildFile; fileRef = 9002C3101DE1203D004E8B41 /* MemeCollectionViewCell.swift */; };
		9002C3131DE1227A004E8B41 /* MemeDisplayViewController.swift in Sources */ = {isa = PBXBuildFile; fileRef = 9002C3121DE1227A004E8B41 /* MemeDisplayViewController.swift */; };
		908CF1631DD2B5B10039DAD7 /* Meme.swift in Sources */ = {isa = PBXBuildFile; fileRef = 908CF1621DD2B5B10039DAD7 /* Meme.swift */; };
		90CA55241DC6125A00903C7E /* AppDelegate.swift in Sources */ = {isa = PBXBuildFile; fileRef = 90CA55231DC6125A00903C7E /* AppDelegate.swift */; };
		90CA55261DC6125A00903C7E /* MemeEditorViewController.swift in Sources */ = {isa = PBXBuildFile; fileRef = 90CA55251DC6125A00903C7E /* MemeEditorViewController.swift */; };
		90CA55291DC6125A00903C7E /* Main.storyboard in Resources */ = {isa = PBXBuildFile; fileRef = 90CA55271DC6125A00903C7E /* Main.storyboard */; };
		90CA552B1DC6125A00903C7E /* Assets.xcassets in Resources */ = {isa = PBXBuildFile; fileRef = 90CA552A1DC6125A00903C7E /* Assets.xcassets */; };
		90CA552E1DC6125A00903C7E /* LaunchScreen.storyboard in Resources */ = {isa = PBXBuildFile; fileRef = 90CA552C1DC6125A00903C7E /* LaunchScreen.storyboard */; };
		90D488741DE2906F0057FA17 /* SentMemesTabBarController.swift in Sources */ = {isa = PBXBuildFile; fileRef = 90D488731DE2906F0057FA17 /* SentMemesTabBarController.swift */; };
		90D488761DE2F73A0057FA17 /* ImagePickerHelper.swift in Sources */ = {isa = PBXBuildFile; fileRef = 90D488751DE2F73A0057FA17 /* ImagePickerHelper.swift */; };
/* End PBXBuildFile section */

/* Begin PBXFileReference section */
		9002C30C1DE0E29E004E8B41 /* SentMemesViewController.swift */ = {isa = PBXFileReference; fileEncoding = 4; lastKnownFileType = sourcecode.swift; path = SentMemesViewController.swift; sourceTree = "<group>"; };
		9002C30E1DE11E77004E8B41 /* MemeTableViewCell.swift */ = {isa = PBXFileReference; fileEncoding = 4; lastKnownFileType = sourcecode.swift; path = MemeTableViewCell.swift; sourceTree = "<group>"; };
		9002C3101DE1203D004E8B41 /* MemeCollectionViewCell.swift */ = {isa = PBXFileReference; fileEncoding = 4; lastKnownFileType = sourcecode.swift; path = MemeCollectionViewCell.swift; sourceTree = "<group>"; };
		9002C3121DE1227A004E8B41 /* MemeDisplayViewController.swift */ = {isa = PBXFileReference; fileEncoding = 4; lastKnownFileType = sourcecode.swift; path = MemeDisplayViewController.swift; sourceTree = "<group>"; };
		908CF1621DD2B5B10039DAD7 /* Meme.swift */ = {isa = PBXFileReference; fileEncoding = 4; lastKnownFileType = sourcecode.swift; path = Meme.swift; sourceTree = "<group>"; };
		90CA55201DC6125A00903C7E /* MemeMe.app */ = {isa = PBXFileReference; explicitFileType = wrapper.application; includeInIndex = 0; path = MemeMe.app; sourceTree = BUILT_PRODUCTS_DIR; };
		90CA55231DC6125A00903C7E /* AppDelegate.swift */ = {isa = PBXFileReference; lastKnownFileType = sourcecode.swift; path = AppDelegate.swift; sourceTree = "<group>"; };
		90CA55251DC6125A00903C7E /* MemeEditorViewController.swift */ = {isa = PBXFileReference; lastKnownFileType = sourcecode.swift; path = MemeEditorViewController.swift; sourceTree = "<group>"; };
		90CA55281DC6125A00903C7E /* Base */ = {isa = PBXFileReference; lastKnownFileType = file.storyboard; name = Base; path = Base.lproj/Main.storyboard; sourceTree = "<group>"; };
		90CA552A1DC6125A00903C7E /* Assets.xcassets */ = {isa = PBXFileReference; lastKnownFileType = folder.assetcatalog; path = Assets.xcassets; sourceTree = "<group>"; };
		90CA552D1DC6125A00903C7E /* Base */ = {isa = PBXFileReference; lastKnownFileType = file.storyboard; name = Base; path = Base.lproj/LaunchScreen.storyboard; sourceTree = "<group>"; };
		90CA552F1DC6125A00903C7E /* Info.plist */ = {isa = PBXFileReference; lastKnownFileType = text.plist.xml; path = Info.plist; sourceTree = "<group>"; };
		90D488731DE2906F0057FA17 /* SentMemesTabBarController.swift */ = {isa = PBXFileReference; fileEncoding = 4; lastKnownFileType = sourcecode.swift; path = SentMemesTabBarController.swift; sourceTree = "<group>"; };
		90D488751DE2F73A0057FA17 /* ImagePickerHelper.swift */ = {isa = PBXFileReference; fileEncoding = 4; lastKnownFileType = sourcecode.swift; path = ImagePickerHelper.swift; sourceTree = "<group>"; };
/* End PBXFileReference section */

/* Begin PBXFrameworksBuildPhase section */
		90CA551D1DC6125A00903C7E /* Frameworks */ = {
			isa = PBXFrameworksBuildPhase;
			buildActionMask = 2147483647;
			files = (
			);
			runOnlyForDeploymentPostprocessing = 0;
		};
/* End PBXFrameworksBuildPhase section */

/* Begin PBXGroup section */
		90CA55171DC6125A00903C7E = {
			isa = PBXGroup;
			children = (
				90CA55221DC6125A00903C7E /* MemeMe */,
				90CA55211DC6125A00903C7E /* Products */,
			);
			sourceTree = "<group>";
		};
		90CA55211DC6125A00903C7E /* Products */ = {
			isa = PBXGroup;
			children = (
				90CA55201DC6125A00903C7E /* MemeMe.app */,
			);
			name = Products;
			sourceTree = "<group>";
		};
		90CA55221DC6125A00903C7E /* MemeMe */ = {
			isa = PBXGroup;
			children = (
				90CA55231DC6125A00903C7E /* AppDelegate.swift */,
				90CA55251DC6125A00903C7E /* MemeEditorViewController.swift */,
				90CA55271DC6125A00903C7E /* Main.storyboard */,
				90D488731DE2906F0057FA17 /* SentMemesTabBarController.swift */,
				9002C30E1DE11E77004E8B41 /* MemeTableViewCell.swift */,
				9002C3101DE1203D004E8B41 /* MemeCollectionViewCell.swift */,
				90CA552A1DC6125A00903C7E /* Assets.xcassets */,
				90CA552C1DC6125A00903C7E /* LaunchScreen.storyboard */,
				90CA552F1DC6125A00903C7E /* Info.plist */,
				908CF1621DD2B5B10039DAD7 /* Meme.swift */,
				9002C30C1DE0E29E004E8B41 /* SentMemesViewController.swift */,
				9002C3121DE1227A004E8B41 /* MemeDisplayViewController.swift */,
				90D488751DE2F73A0057FA17 /* ImagePickerHelper.swift */,
			);
			path = MemeMe;
			sourceTree = "<group>";
		};
/* End PBXGroup section */

/* Begin PBXNativeTarget section */
		90CA551F1DC6125A00903C7E /* MemeMe */ = {
			isa = PBXNativeTarget;
			buildConfigurationList = 90CA55321DC6125A00903C7E /* Build configuration list for PBXNativeTarget "MemeMe" */;
			buildPhases = (
				90CA551C1DC6125A00903C7E /* Sources */,
				90CA551D1DC6125A00903C7E /* Frameworks */,
				90CA551E1DC6125A00903C7E /* Resources */,
			);
			buildRules = (
			);
			dependencies = (
			);
			name = MemeMe;
			productName = MemeMe;
			productReference = 90CA55201DC6125A00903C7E /* MemeMe.app */;
			productType = "com.apple.product-type.application";
		};
/* End PBXNativeTarget section */

/* Begin PBXProject section */
		90CA55181DC6125A00903C7E /* Project object */ = {
			isa = PBXProject;
			attributes = {
				LastSwiftUpdateCheck = 0800;
				LastUpgradeCheck = 0810;
				ORGANIZATIONNAME = "André Brinkop";
				TargetAttributes = {
					90CA551F1DC6125A00903C7E = {
						CreatedOnToolsVersion = 8.0;
						DevelopmentTeam = J2YTLC2SAF;
						ProvisioningStyle = Automatic;
					};
				};
			};
			buildConfigurationList = 90CA551B1DC6125A00903C7E /* Build configuration list for PBXProject "MemeMe" */;
			compatibilityVersion = "Xcode 3.2";
			developmentRegion = English;
			hasScannedForEncodings = 0;
			knownRegions = (
				en,
				Base,
			);
			mainGroup = 90CA55171DC6125A00903C7E;
			productRefGroup = 90CA55211DC6125A00903C7E /* Products */;
			projectDirPath = "";
			projectRoot = "";
			targets = (
				90CA551F1DC6125A00903C7E /* MemeMe */,
			);
		};
/* End PBXProject section */

/* Begin PBXResourcesBuildPhase section */
		90CA551E1DC6125A00903C7E /* Resources */ = {
			isa = PBXResourcesBuildPhase;
			buildActionMask = 2147483647;
			files = (
				90CA552E1DC6125A00903C7E /* LaunchScreen.storyboard in Resources */,
				90CA552B1DC6125A00903C7E /* Assets.xcassets in Resources */,
				90CA55291DC6125A00903C7E /* Main.storyboard in Resources */,
			);
			runOnlyForDeploymentPostprocessing = 0;
		};
/* End PBXResourcesBuildPhase section */

/* Begin PBXSourcesBuildPhase section */
		90CA551C1DC6125A00903C7E /* Sources */ = {
			isa = PBXSourcesBuildPhase;
			buildActionMask = 2147483647;
			files = (
				9002C3111DE1203D004E8B41 /* MemeCollectionViewCell.swift in Sources */,
				9002C30D1DE0E29E004E8B41 /* SentMemesViewController.swift in Sources */,
				908CF1631DD2B5B10039DAD7 /* Meme.swift in Sources */,
				90D488741DE2906F0057FA17 /* SentMemesTabBarController.swift in Sources */,
				9002C3131DE1227A004E8B41 /* MemeDisplayViewController.swift in Sources */,
				9002C30F1DE11E77004E8B41 /* MemeTableViewCell.swift in Sources */,
				90CA55261DC6125A00903C7E /* MemeEditorViewController.swift in Sources */,
				90D488761DE2F73A0057FA17 /* ImagePickerHelper.swift in Sources */,
				90CA55241DC6125A00903C7E /* AppDelegate.swift in Sources */,
			);
			runOnlyForDeploymentPostprocessing = 0;
		};
/* End PBXSourcesBuildPhase section */

/* Begin PBXVariantGroup section */
		90CA55271DC6125A00903C7E /* Main.storyboard */ = {
			isa = PBXVariantGroup;
			children = (
				90CA55281DC6125A00903C7E /* Base */,
			);
			name = Main.storyboard;
			sourceTree = "<group>";
		};
		90CA552C1DC6125A00903C7E /* LaunchScreen.storyboard */ = {
			isa = PBXVariantGroup;
			children = (
				90CA552D1DC6125A00903C7E /* Base */,
			);
			name = LaunchScreen.storyboard;
			sourceTree = "<group>";
		};
/* End PBXVariantGroup section */

/* Begin XCBuildConfiguration section */
		90CA55301DC6125A00903C7E /* Debug */ = {
			isa = XCBuildConfiguration;
			buildSettings = {
				ALWAYS_SEARCH_USER_PATHS = NO;
				CLANG_ANALYZER_NONNULL = YES;
				CLANG_CXX_LANGUAGE_STANDARD = "gnu++0x";
				CLANG_CXX_LIBRARY = "libc++";
				CLANG_ENABLE_MODULES = YES;
				CLANG_ENABLE_OBJC_ARC = YES;
				CLANG_WARN_BOOL_CONVERSION = YES;
				CLANG_WARN_CONSTANT_CONVERSION = YES;
				CLANG_WARN_DIRECT_OBJC_ISA_USAGE = YES_ERROR;
				CLANG_WARN_DOCUMENTATION_COMMENTS = YES;
				CLANG_WARN_EMPTY_BODY = YES;
				CLANG_WARN_ENUM_CONVERSION = YES;
				CLANG_WARN_INFINITE_RECURSION = YES;
				CLANG_WARN_INT_CONVERSION = YES;
				CLANG_WARN_OBJC_ROOT_CLASS = YES_ERROR;
				CLANG_WARN_SUSPICIOUS_MOVE = YES;
				CLANG_WARN_SUSPICIOUS_MOVES = YES;
				CLANG_WARN_UNREACHABLE_CODE = YES;
				CLANG_WARN__DUPLICATE_METHOD_MATCH = YES;
				"CODE_SIGN_IDENTITY[sdk=iphoneos*]" = "iPhone Developer";
				COPY_PHASE_STRIP = NO;
				DEBUG_INFORMATION_FORMAT = dwarf;
				ENABLE_STRICT_OBJC_MSGSEND = YES;
				ENABLE_TESTABILITY = YES;
				GCC_C_LANGUAGE_STANDARD = gnu99;
				GCC_DYNAMIC_NO_PIC = NO;
				GCC_NO_COMMON_BLOCKS = YES;
				GCC_OPTIMIZATION_LEVEL = 0;
				GCC_PREPROCESSOR_DEFINITIONS = (
					"DEBUG=1",
					"$(inherited)",
				);
				GCC_WARN_64_TO_32_BIT_CONVERSION = YES;
				GCC_WARN_ABOUT_RETURN_TYPE = YES_ERROR;
				GCC_WARN_UNDECLARED_SELECTOR = YES;
				GCC_WARN_UNINITIALIZED_AUTOS = YES_AGGRESSIVE;
				GCC_WARN_UNUSED_FUNCTION = YES;
				GCC_WARN_UNUSED_VARIABLE = YES;
				IPHONEOS_DEPLOYMENT_TARGET = 10.0;
				MTL_ENABLE_DEBUG_INFO = YES;
				ONLY_ACTIVE_ARCH = YES;
				SDKROOT = iphoneos;
				SWIFT_ACTIVE_COMPILATION_CONDITIONS = DEBUG;
				SWIFT_OPTIMIZATION_LEVEL = "-Onone";
				TARGETED_DEVICE_FAMILY = "1,2";
			};
			name = Debug;
		};
		90CA55311DC6125A00903C7E /* Release */ = {
			isa = XCBuildConfiguration;
			buildSettings = {
				ALWAYS_SEARCH_USER_PATHS = NO;
				CLANG_ANALYZER_NONNULL = YES;
				CLANG_CXX_LANGUAGE_STANDARD = "gnu++0x";
				CLANG_CXX_LIBRARY = "libc++";
				CLANG_ENABLE_MODULES = YES;
				CLANG_ENABLE_OBJC_ARC = YES;
				CLANG_WARN_BOOL_CONVERSION = YES;
				CLANG_WARN_CONSTANT_CONVERSION = YES;
				CLANG_WARN_DIRECT_OBJC_ISA_USAGE = YES_ERROR;
				CLANG_WARN_DOCUMENTATION_COMMENTS = YES;
				CLANG_WARN_EMPTY_BODY = YES;
				CLANG_WARN_ENUM_CONVERSION = YES;
				CLANG_WARN_INFINITE_RECURSION = YES;
				CLANG_WARN_INT_CONVERSION = YES;
				CLANG_WARN_OBJC_ROOT_CLASS = YES_ERROR;
				CLANG_WARN_SUSPICIOUS_MOVE = YES;
				CLANG_WARN_SUSPICIOUS_MOVES = YES;
				CLANG_WARN_UNREACHABLE_CODE = YES;
				CLANG_WARN__DUPLICATE_METHOD_MATCH = YES;
				"CODE_SIGN_IDENTITY[sdk=iphoneos*]" = "iPhone Developer";
				COPY_PHASE_STRIP = NO;
				DEBUG_INFORMATION_FORMAT = "dwarf-with-dsym";
				ENABLE_NS_ASSERTIONS = NO;
				ENABLE_STRICT_OBJC_MSGSEND = YES;
				GCC_C_LANGUAGE_STANDARD = gnu99;
				GCC_NO_COMMON_BLOCKS = YES;
				GCC_WARN_64_TO_32_BIT_CONVERSION = YES;
				GCC_WARN_ABOUT_RETURN_TYPE = YES_ERROR;
				GCC_WARN_UNDECLARED_SELECTOR = YES;
				GCC_WARN_UNINITIALIZED_AUTOS = YES_AGGRESSIVE;
				GCC_WARN_UNUSED_FUNCTION = YES;
				GCC_WARN_UNUSED_VARIABLE = YES;
				IPHONEOS_DEPLOYMENT_TARGET = 10.0;
				MTL_ENABLE_DEBUG_INFO = NO;
				SDKROOT = iphoneos;
				SWIFT_OPTIMIZATION_LEVEL = "-Owholemodule";
				TARGETED_DEVICE_FAMILY = "1,2";
				VALIDATE_PRODUCT = YES;
			};
			name = Release;
		};
		90CA55331DC6125A00903C7E /* Debug */ = {
			isa = XCBuildConfiguration;
			buildSettings = {
				ASSETCATALOG_COMPILER_APPICON_NAME = AppIcon;
				DEVELOPMENT_TEAM = J2YTLC2SAF;
				INFOPLIST_FILE = MemeMe/Info.plist;
				IPHONEOS_DEPLOYMENT_TARGET = 10.0;
				LD_RUNPATH_SEARCH_PATHS = "$(inherited) @executable_path/Frameworks";
				PRODUCT_BUNDLE_IDENTIFIER = de.brinkop.andre.MemeMe;
				PRODUCT_NAME = "$(TARGET_NAME)";
				SWIFT_VERSION = 3.0;
			};
			name = Debug;
		};
		90CA55341DC6125A00903C7E /* Release */ = {
			isa = XCBuildConfiguration;
			buildSettings = {
				ASSETCATALOG_COMPILER_APPICON_NAME = AppIcon;
				DEVELOPMENT_TEAM = J2YTLC2SAF;
				INFOPLIST_FILE = MemeMe/Info.plist;
				IPHONEOS_DEPLOYMENT_TARGET = 10.0;
				LD_RUNPATH_SEARCH_PATHS = "$(inherited) @executable_path/Frameworks";
				PRODUCT_BUNDLE_IDENTIFIER = de.brinkop.andre.MemeMe;
				PRODUCT_NAME = "$(TARGET_NAME)";
				SWIFT_VERSION = 3.0;
			};
			name = Release;
		};
/* End XCBuildConfiguration section */

/* Begin XCConfigurationList section */
		90CA551B1DC6125A00903C7E /* Build configuration list for PBXProject "MemeMe" */ = {
			isa = XCConfigurationList;
			buildConfigurations = (
				90CA55301DC6125A00903C7E /* Debug */,
				90CA55311DC6125A00903C7E /* Release */,
			);
			defaultConfigurationIsVisible = 0;
			defaultConfigurationName = Release;
		};
		90CA55321DC6125A00903C7E /* Build configuration list for PBXNativeTarget "MemeMe" */ = {
			isa = XCConfigurationList;
			buildConfigurations = (
				90CA55331DC6125A00903C7E /* Debug */,
				90CA55341DC6125A00903C7E /* Release */,
			);
			defaultConfigurationIsVisible = 0;
			defaultConfigurationName = Release;
		};
/* End XCConfigurationList section */
	};
	rootObject = 90CA55181DC6125A00903C7E /* Project object */;
}
